
Microsoft Visual Studio Solution File, Format Version 12.00
# Visual Studio Version 17
VisualStudioVersion = 17.8.34525.116
MinimumVisualStudioVersion = 10.0.40219.1
Project("{888888A0-9F3D-457C-B088-3A5042F75D52}") = "Central_limit_theorem", "Central_limit_theorem\Central_limit_theorem.pyproj", "{B8F75503-9626-4639-AAAE-329EC4A0D883}"
EndProject
Global
	GlobalSection(SolutionConfigurationPlatforms) = preSolution
		Debug|Any CPU = Debug|Any CPU
		Release|Any CPU = Release|Any CPU
	EndGlobalSection
	GlobalSection(ProjectConfigurationPlatforms) = postSolution
		{B8F75503-9626-4639-AAAE-329EC4A0D883}.Debug|Any CPU.ActiveCfg = Debug|Any CPU
		{B8F75503-9626-4639-AAAE-329EC4A0D883}.Release|Any CPU.ActiveCfg = Release|Any CPU
	EndGlobalSection
	GlobalSection(SolutionProperties) = preSolution
		HideSolutionNode = FALSE
	EndGlobalSection
	GlobalSection(ExtensibilityGlobals) = postSolution
		SolutionGuid = {8864272F-07D4-4D4B-BB0E-15B13E1D1DC4}
	EndGlobalSection
EndGlobal
